dependencies:
  espressif/mdns:
    component_hash: 31117d76cae83a6d83ffd7f035f6fdae5bd05b914fc30b641afeb208b84de19a
    source:
      service_url: https://api.components.espressif.com/
      type: service
    version: 1.3.2
  idf:
    component_hash: null
    source:
      type: idf
    version: 5.2.2
manifest_hash: a6349242ea84cc4ce8ffd6f6823eb0f0ac3f469f8bf8c8753127efde58ec9e3c
target: esp32
version: 1.0.0
